{
  "name": "ngx-hal-client",
  "version": "0.0.1",
  "lockfileVersion": 1,
  "requires": true,
  "dependencies": {
    "@types/uri-templates": {
      "version": "0.1.31",
      "resolved": "https://registry.npmjs.org/@types/uri-templates/-/uri-templates-0.1.31.tgz",
      "integrity": "sha512-sCokykpau15/CwBZvZg+HfcDcwre4/J3Zj7XyQgUrLS9OOdExIyK1tQ1tfQtM0P9qGU/U5y50FQOxqDX5rhcrQ==",
      "dev": true
    },
    "tslib": {
      "version": "2.3.1"
    },
    "uri-templates": {
      "version": "0.2.0",
      "dev": true
    }
  }
}
