{
  "name": "@wertzui/ngx-hal-client",
  "version": "4.0.0",
  "lockfileVersion": 2,
  "requires": true,
  "packages": {
    "": {
      "name": "@wertzui/ngx-hal-client",
      "version": "4.0.0",
      "license": "Unlicense",
      "devDependencies": {
        "@types/lodash": "4.14.191",
        "@types/uri-templates": "0.1.31"
      },
      "peerDependencies": {
        "@angular/common": "^15",
        "@angular/core": "^15",
        "lodash": "^4",
        "tslib": "^2",
        "uri-templates-es": "^1"
      }
    },
    "node_modules/@angular/common": {
      "version": "15.0.3",
      "resolved": "https://registry.npmjs.org/@angular/common/-/common-15.0.3.tgz",
      "integrity": "sha512-TYpNnP6f7+x+FqyFCjl+D7rqJojMJT3QURwbnKsZYO7gsfoKashgrLxd9f3lQpa9EHvdMsVZWGZuPmoerGQ5qg==",
      "peer": true,
      "dependencies": {
        "tslib": "^2.3.0"
      },
      "engines": {
        "node": "^14.20.0 || ^16.13.0 || >=18.10.0"
      },
      "peerDependencies": {
        "@angular/core": "15.0.3",
        "rxjs": "^6.5.3 || ^7.4.0"
      }
    },
    "node_modules/@angular/core": {
      "version": "15.0.3",
      "resolved": "https://registry.npmjs.org/@angular/core/-/core-15.0.3.tgz",
      "integrity": "sha512-tYQszxkk32RZkMA7Czv9l5apiDIsoqVO2taIuPKfesAcwsQ7z/x3JTu3JkwUnB9c9nq2c18wIzjzMs4iElxdVQ==",
      "peer": true,
      "dependencies": {
        "tslib": "^2.3.0"
      },
      "engines": {
        "node": "^14.20.0 || ^16.13.0 || >=18.10.0"
      },
      "peerDependencies": {
        "rxjs": "^6.5.3 || ^7.4.0",
        "zone.js": "~0.11.4 || ~0.12.0"
      }
    },
    "node_modules/@types/lodash": {
      "version": "4.14.191",
      "resolved": "https://registry.npmjs.org/@types/lodash/-/lodash-4.14.191.tgz",
      "integrity": "sha512-BdZ5BCCvho3EIXw6wUCXHe7rS53AIDPLE+JzwgT+OsJk53oBfbSmZZ7CX4VaRoN78N+TJpFi9QPlfIVNmJYWxQ==",
      "dev": true
    },
    "node_modules/@types/uri-templates": {
      "version": "0.1.31",
      "resolved": "https://registry.npmjs.org/@types/uri-templates/-/uri-templates-0.1.31.tgz",
      "integrity": "sha512-sCokykpau15/CwBZvZg+HfcDcwre4/J3Zj7XyQgUrLS9OOdExIyK1tQ1tfQtM0P9qGU/U5y50FQOxqDX5rhcrQ==",
      "dev": true
    },
    "node_modules/lodash": {
      "version": "4.17.21",
      "resolved": "https://registry.npmjs.org/lodash/-/lodash-4.17.21.tgz",
      "integrity": "sha512-v2kDEe57lecTulaDIuNTPy3Ry4gLGJ6Z1O3vE1krgXZNrsQ+LFTGHVxVjcXPs17LhbZVGedAJv8XZ1tvj5FvSg==",
      "peer": true
    },
    "node_modules/rxjs": {
      "version": "7.6.0",
      "resolved": "https://registry.npmjs.org/rxjs/-/rxjs-7.6.0.tgz",
      "integrity": "sha512-DDa7d8TFNUalGC9VqXvQ1euWNN7sc63TrUCuM9J998+ViviahMIjKSOU7rfcgFOF+FCD71BhDRv4hrFz+ImDLQ==",
      "peer": true,
      "dependencies": {
        "tslib": "^2.1.0"
      }
    },
    "node_modules/tslib": {
      "version": "2.4.1",
      "resolved": "https://registry.npmjs.org/tslib/-/tslib-2.4.1.tgz",
      "integrity": "sha512-tGyy4dAjRIEwI7BzsB0lynWgOpfqjUdq91XXAlIWD2OwKBH7oCl/GZG/HT4BOHrTlPMOASlMQ7veyTqpmRcrNA==",
      "peer": true
    },
    "node_modules/uri-templates-es": {
      "version": "1.0.0",
      "resolved": "https://registry.npmjs.org/uri-templates-es/-/uri-templates-es-1.0.0.tgz",
      "integrity": "sha512-8Ne+rpk5kXmsnvKgcOVu0GLuyiALOP0GmNStRTeROjYMlC/YpFchxbMQneuT8vk0xdZrNETVd9pWLLRIqGN4Tw==",
      "peer": true
    },
    "node_modules/zone.js": {
      "version": "0.12.0",
      "resolved": "https://registry.npmjs.org/zone.js/-/zone.js-0.12.0.tgz",
      "integrity": "sha512-XtC+I5dXU14HrzidAKBNMqneIVUykLEAA1x+v4KVrd6AUPWlwYORF8KgsVqvgdHiKZ4BkxxjvYi/ksEixTPR0Q==",
      "peer": true,
      "dependencies": {
        "tslib": "^2.3.0"
      }
    }
  },
  "dependencies": {
    "@angular/common": {
      "version": "15.0.3",
      "resolved": "https://registry.npmjs.org/@angular/common/-/common-15.0.3.tgz",
      "integrity": "sha512-TYpNnP6f7+x+FqyFCjl+D7rqJojMJT3QURwbnKsZYO7gsfoKashgrLxd9f3lQpa9EHvdMsVZWGZuPmoerGQ5qg==",
      "peer": true,
      "requires": {
        "tslib": "^2.3.0"
      }
    },
    "@angular/core": {
      "version": "15.0.3",
      "resolved": "https://registry.npmjs.org/@angular/core/-/core-15.0.3.tgz",
      "integrity": "sha512-tYQszxkk32RZkMA7Czv9l5apiDIsoqVO2taIuPKfesAcwsQ7z/x3JTu3JkwUnB9c9nq2c18wIzjzMs4iElxdVQ==",
      "peer": true,
      "requires": {
        "tslib": "^2.3.0"
      }
    },
    "@types/lodash": {
      "version": "4.14.191",
      "resolved": "https://registry.npmjs.org/@types/lodash/-/lodash-4.14.191.tgz",
      "integrity": "sha512-BdZ5BCCvho3EIXw6wUCXHe7rS53AIDPLE+JzwgT+OsJk53oBfbSmZZ7CX4VaRoN78N+TJpFi9QPlfIVNmJYWxQ==",
      "dev": true
    },
    "@types/uri-templates": {
      "version": "0.1.31",
      "resolved": "https://registry.npmjs.org/@types/uri-templates/-/uri-templates-0.1.31.tgz",
      "integrity": "sha512-sCokykpau15/CwBZvZg+HfcDcwre4/J3Zj7XyQgUrLS9OOdExIyK1tQ1tfQtM0P9qGU/U5y50FQOxqDX5rhcrQ==",
      "dev": true
    },
    "lodash": {
      "version": "4.17.21",
      "resolved": "https://registry.npmjs.org/lodash/-/lodash-4.17.21.tgz",
      "integrity": "sha512-v2kDEe57lecTulaDIuNTPy3Ry4gLGJ6Z1O3vE1krgXZNrsQ+LFTGHVxVjcXPs17LhbZVGedAJv8XZ1tvj5FvSg==",
      "peer": true
    },
    "rxjs": {
      "version": "7.6.0",
      "resolved": "https://registry.npmjs.org/rxjs/-/rxjs-7.6.0.tgz",
      "integrity": "sha512-DDa7d8TFNUalGC9VqXvQ1euWNN7sc63TrUCuM9J998+ViviahMIjKSOU7rfcgFOF+FCD71BhDRv4hrFz+ImDLQ==",
      "peer": true,
      "requires": {
        "tslib": "^2.1.0"
      }
    },
    "tslib": {
      "version": "2.4.1",
      "resolved": "https://registry.npmjs.org/tslib/-/tslib-2.4.1.tgz",
      "integrity": "sha512-tGyy4dAjRIEwI7BzsB0lynWgOpfqjUdq91XXAlIWD2OwKBH7oCl/GZG/HT4BOHrTlPMOASlMQ7veyTqpmRcrNA==",
      "peer": true
    },
    "uri-templates-es": {
      "version": "1.0.0",
      "resolved": "https://registry.npmjs.org/uri-templates-es/-/uri-templates-es-1.0.0.tgz",
      "integrity": "sha512-8Ne+rpk5kXmsnvKgcOVu0GLuyiALOP0GmNStRTeROjYMlC/YpFchxbMQneuT8vk0xdZrNETVd9pWLLRIqGN4Tw==",
      "peer": true
    },
    "zone.js": {
      "version": "0.12.0",
      "resolved": "https://registry.npmjs.org/zone.js/-/zone.js-0.12.0.tgz",
      "integrity": "sha512-XtC+I5dXU14HrzidAKBNMqneIVUykLEAA1x+v4KVrd6AUPWlwYORF8KgsVqvgdHiKZ4BkxxjvYi/ksEixTPR0Q==",
      "peer": true,
      "requires": {
        "tslib": "^2.3.0"
      }
    }
  }
}
