# THIS IS AN AUTOGENERATED FILE. DO NOT EDIT THIS FILE DIRECTLY.
# yarn lockfile v1


"@types/lodash@4.14.176":
  version "4.14.176"
  resolved "https://registry.yarnpkg.com/@types/lodash/-/lodash-4.14.176.tgz#641150fc1cda36fbfa329de603bbb175d7ee20c0"
  integrity sha512-xZmuPTa3rlZoIbtDUyJKZQimJV3bxCmzMIO2c9Pz9afyDro6kr7R79GwcB6mRhuoPmV2p1Vb66WOJH7F886WKQ==

"@types/uri-templates@0.1.31":
  version "0.1.31"
  resolved "https://registry.yarnpkg.com/@types/uri-templates/-/uri-templates-0.1.31.tgz#ff5b8cb34459177afa45ba9780f530f65a146118"
  integrity sha512-sCokykpau15/CwBZvZg+HfcDcwre4/J3Zj7XyQgUrLS9OOdExIyK1tQ1tfQtM0P9qGU/U5y50FQOxqDX5rhcrQ==

tslib@2.3.1:
  version "2.3.1"
  resolved "https://registry.yarnpkg.com/tslib/-/tslib-2.3.1.tgz#e8a335add5ceae51aa261d32a490158ef042ef01"
  integrity sha512-77EbyPPpMz+FRFRuAFlWMtmgUWGe9UOG2Z25NqCwiIjRhOf5iKGuzSe5P2w1laq+FkRy4p+PCuVkJSGkzTEKVw==

uri-templates@0.2.0:
  version "0.2.0"
  resolved "https://registry.yarnpkg.com/uri-templates/-/uri-templates-0.2.0.tgz#2b5784511cc909868731e9233c268097d10b499f"
  integrity sha1-K1eEURzJCYaHMekjPCaAl9ELSZ8=
