# THIS IS AN AUTOGENERATED FILE. DO NOT EDIT THIS FILE DIRECTLY.
# yarn lockfile v1


"@angular/common@^13":
  "integrity" "sha512-px2qZP8Fd2qYbCVWmgLmop2OBQ/LKU2Oq8U/La2EEo8kgVuNWNTxmIh826cgZK/v9VQw8b/EoU7PeEjSWz0Zow=="
  "resolved" "https://registry.npmjs.org/@angular/common/-/common-13.2.5.tgz"
  "version" "13.2.5"
  dependencies:
    "tslib" "^2.3.0"

"@angular/core@^13", "@angular/core@13.2.5":
  "integrity" "sha512-4CC69JQbgyETJR6xsQk6hOQqb6fBGZ/Qc333x0hwRDBbGnYE6hQehDibV+Apljea8YjV+NX6VmyOvPvHhtL4PQ=="
  "resolved" "https://registry.npmjs.org/@angular/core/-/core-13.2.5.tgz"
  "version" "13.2.5"
  dependencies:
    "tslib" "^2.3.0"

"@types/lodash@4.14.179":
  "integrity" "sha512-uwc1x90yCKqGcIOAT6DwOSuxnrAbpkdPsUOZtwrXb4D/6wZs+6qG7QnIawDuZWg0sWpxl+ltIKCaLoMlna678w=="
  "resolved" "https://registry.npmjs.org/@types/lodash/-/lodash-4.14.179.tgz"
  "version" "4.14.179"

"@types/uri-templates@0.1.31":
  "integrity" "sha512-sCokykpau15/CwBZvZg+HfcDcwre4/J3Zj7XyQgUrLS9OOdExIyK1tQ1tfQtM0P9qGU/U5y50FQOxqDX5rhcrQ=="
  "resolved" "https://registry.npmjs.org/@types/uri-templates/-/uri-templates-0.1.31.tgz"
  "version" "0.1.31"

"lodash@^4":
  "integrity" "sha512-v2kDEe57lecTulaDIuNTPy3Ry4gLGJ6Z1O3vE1krgXZNrsQ+LFTGHVxVjcXPs17LhbZVGedAJv8XZ1tvj5FvSg=="
  "resolved" "https://registry.npmjs.org/lodash/-/lodash-4.17.21.tgz"
  "version" "4.17.21"

"rxjs@^6.5.3 || ^7.4.0":
  "integrity" "sha512-h5M3Hk78r6wAheJF0a5YahB1yRQKCsZ4MsGdZ5O9ETbVtjPcScGfrMmoOq7EBsCRzd4BDkvDJ7ogP8Sz5tTFiQ=="
  "resolved" "https://registry.npmjs.org/rxjs/-/rxjs-7.5.4.tgz"
  "version" "7.5.4"
  dependencies:
    "tslib" "^2.1.0"

"tslib@^2", "tslib@^2.1.0", "tslib@^2.3.0":
  "version" "2.3.1"

"uri-templates@0.2.0":
  "integrity" "sha1-K1eEURzJCYaHMekjPCaAl9ELSZ8="
  "resolved" "https://registry.npmjs.org/uri-templates/-/uri-templates-0.2.0.tgz"
  "version" "0.2.0"

"zone.js@~0.11.4":
  "integrity" "sha512-D1/7VxEuQ7xk6z/kAROe4SUbd9CzxY4zOwVGnGHerd/SgLIVU5f4esDzQUsOCeArn933BZfWMKydH7l7dPEp0g=="
  "resolved" "https://registry.npmjs.org/zone.js/-/zone.js-0.11.5.tgz"
  "version" "0.11.5"
  dependencies:
    "tslib" "^2.3.0"
